
Microsoft Visual Studio Solution File, Format Version 12.00
# Visual Studio 2012
Project("{FAE04EC0-301F-11D3-BF4B-00C04F79EFBC}") = "ConsoleApplication18", "ConsoleApplication18\ConsoleApplication18.csproj", "{5477CDB8-4C19-4FC6-BFE8-95C370EC827C}"
EndProject
Global
	GlobalSection(SolutionConfigurationPlatforms) = preSolution
		Debug|Any CPU = Debug|Any CPU
		Release|Any CPU = Release|Any CPU
	EndGlobalSection
	GlobalSection(ProjectConfigurationPlatforms) = postSolution
		{5477CDB8-4C19-4FC6-BFE8-95C370EC827C}.Debug|Any CPU.ActiveCfg = Debug|Any CPU
		{5477CDB8-4C19-4FC6-BFE8-95C370EC827C}.Debug|Any CPU.Build.0 = Debug|Any CPU
		{5477CDB8-4C19-4FC6-BFE8-95C370EC827C}.Release|Any CPU.ActiveCfg = Release|Any CPU
		{5477CDB8-4C19-4FC6-BFE8-95C370EC827C}.Release|Any CPU.Build.0 = Release|Any CPU
	EndGlobalSection
	GlobalSection(SolutionProperties) = preSolution
		HideSolutionNode = FALSE
	EndGlobalSection
EndGlobal
